Microsoft Visual Studio Solution File, Format Version 12.00
# Visual Studio 15
VisualStudioVersion = 15.0.26228.4
MinimumVisualStudioVersion = 10.0.40219.1
Project("{9A19103F-16F7-4668-BE54-9A1E7A4F7556}") = "Elementary.Hierarchy.Test", "test\Elementary.Hierarchy.Test\Elementary.Hierarchy.Test.csproj", "{5DD591B6-8EAD-45F4-AACE-DB5DE64B6D6D}"
EndProject
Project("{9A19103F-16F7-4668-BE54-9A1E7A4F7556}") = "Elementary.Hierarchy", "src\Elementary.Hierarchy\Elementary.Hierarchy.csproj", "{30617EBD-7721-4BE4-853D-EA4399EA15F6}"
EndProject
Project("{2150E333-8FDC-42A3-9474-1A3956D46DE8}") = "backup", "backup", "{62FD0DEF-26B5-46FF-B5A7-EC0DD774D2CE}"
EndProject
Project("{2150E333-8FDC-42A3-9474-1A3956D46DE8}") = "src", "src", "{22A1F462-BC89-44EB-B903-60B165920719}"
EndProject
Project("{9A19103F-16F7-4668-BE54-9A1E7A4F7556}") = "Elementary.Hierarchy", "backup\src\Elementary.Hierarchy\Elementary.Hierarchy.csproj", "{72E93D60-346C-4737-B976-FB762415980E}"
EndProject
Project("{2150E333-8FDC-42A3-9474-1A3956D46DE8}") = "test", "test", "{5EE17748-F5C2-4AC7-9189-E160B95ECEEF}"
EndProject
Project("{9A19103F-16F7-4668-BE54-9A1E7A4F7556}") = "Elementary.Hierarchy.Test", "backup\test\Elementary.Hierarchy.Test\Elementary.Hierarchy.Test.csproj", "{7CD798BC-4B44-42F6-A47B-B66C92517878}"
EndProject
Global
	GlobalSection(SolutionConfigurationPlatforms) = preSolution
		Debug|Any CPU = Debug|Any CPU
		Debug|x64 = Debug|x64
		Debug|x86 = Debug|x86
		Release|Any CPU = Release|Any CPU
		Release|x64 = Release|x64
		Release|x86 = Release|x86
	EndGlobalSection
	GlobalSection(ProjectConfigurationPlatforms) = postSolution
		{5DD591B6-8EAD-45F4-AACE-DB5DE64B6D6D}.Debug|Any CPU.ActiveCfg = Debug|Any CPU
		{5DD591B6-8EAD-45F4-AACE-DB5DE64B6D6D}.Debug|Any CPU.Build.0 = Debug|Any CPU
		{5DD591B6-8EAD-45F4-AACE-DB5DE64B6D6D}.Debug|x64.ActiveCfg = Debug|Any CPU
		{5DD591B6-8EAD-45F4-AACE-DB5DE64B6D6D}.Debug|x64.Build.0 = Debug|Any CPU
		{5DD591B6-8EAD-45F4-AACE-DB5DE64B6D6D}.Debug|x86.ActiveCfg = Debug|Any CPU
		{5DD591B6-8EAD-45F4-AACE-DB5DE64B6D6D}.Debug|x86.Build.0 = Debug|Any CPU
		{5DD591B6-8EAD-45F4-AACE-DB5DE64B6D6D}.Release|Any CPU.ActiveCfg = Release|Any CPU
		{5DD591B6-8EAD-45F4-AACE-DB5DE64B6D6D}.Release|Any CPU.Build.0 = Release|Any CPU
		{5DD591B6-8EAD-45F4-AACE-DB5DE64B6D6D}.Release|x64.ActiveCfg = Release|Any CPU
		{5DD591B6-8EAD-45F4-AACE-DB5DE64B6D6D}.Release|x64.Build.0 = Release|Any CPU
		{5DD591B6-8EAD-45F4-AACE-DB5DE64B6D6D}.Release|x86.ActiveCfg = Release|Any CPU
		{5DD591B6-8EAD-45F4-AACE-DB5DE64B6D6D}.Release|x86.Build.0 = Release|Any CPU
		{30617EBD-7721-4BE4-853D-EA4399EA15F6}.Debug|Any CPU.ActiveCfg = Debug|Any CPU
		{30617EBD-7721-4BE4-853D-EA4399EA15F6}.Debug|Any CPU.Build.0 = Debug|Any CPU
		{30617EBD-7721-4BE4-853D-EA4399EA15F6}.Debug|x64.ActiveCfg = Debug|Any CPU
		{30617EBD-7721-4BE4-853D-EA4399EA15F6}.Debug|x64.Build.0 = Debug|Any CPU
		{30617EBD-7721-4BE4-853D-EA4399EA15F6}.Debug|x86.ActiveCfg = Debug|Any CPU
		{30617EBD-7721-4BE4-853D-EA4399EA15F6}.Debug|x86.Build.0 = Debug|Any CPU
		{30617EBD-7721-4BE4-853D-EA4399EA15F6}.Release|Any CPU.ActiveCfg = Release|Any CPU
		{30617EBD-7721-4BE4-853D-EA4399EA15F6}.Release|Any CPU.Build.0 = Release|Any CPU
		{30617EBD-7721-4BE4-853D-EA4399EA15F6}.Release|x64.ActiveCfg = Release|Any CPU
		{30617EBD-7721-4BE4-853D-EA4399EA15F6}.Release|x64.Build.0 = Release|Any CPU
		{30617EBD-7721-4BE4-853D-EA4399EA15F6}.Release|x86.ActiveCfg = Release|Any CPU
		{30617EBD-7721-4BE4-853D-EA4399EA15F6}.Release|x86.Build.0 = Release|Any CPU
		{72E93D60-346C-4737-B976-FB762415980E}.Debug|Any CPU.ActiveCfg = Debug|Any CPU
		{72E93D60-346C-4737-B976-FB762415980E}.Debug|Any CPU.Build.0 = Debug|Any CPU
		{72E93D60-346C-4737-B976-FB762415980E}.Debug|x64.ActiveCfg = Debug|Any CPU
		{72E93D60-346C-4737-B976-FB762415980E}.Debug|x64.Build.0 = Debug|Any CPU
		{72E93D60-346C-4737-B976-FB762415980E}.Debug|x86.ActiveCfg = Debug|Any CPU
		{72E93D60-346C-4737-B976-FB762415980E}.Debug|x86.Build.0 = Debug|Any CPU
		{72E93D60-346C-4737-B976-FB762415980E}.Release|Any CPU.ActiveCfg = Release|Any CPU
		{72E93D60-346C-4737-B976-FB762415980E}.Release|Any CPU.Build.0 = Release|Any CPU
		{72E93D60-346C-4737-B976-FB762415980E}.Release|x64.ActiveCfg = Release|Any CPU
		{72E93D60-346C-4737-B976-FB762415980E}.Release|x64.Build.0 = Release|Any CPU
		{72E93D60-346C-4737-B976-FB762415980E}.Release|x86.ActiveCfg = Release|Any CPU
		{72E93D60-346C-4737-B976-FB762415980E}.Release|x86.Build.0 = Release|Any CPU
		{7CD798BC-4B44-42F6-A47B-B66C92517878}.Debug|Any CPU.ActiveCfg = Debug|Any CPU
		{7CD798BC-4B44-42F6-A47B-B66C92517878}.Debug|Any CPU.Build.0 = Debug|Any CPU
		{7CD798BC-4B44-42F6-A47B-B66C92517878}.Debug|x64.ActiveCfg = Debug|Any CPU
		{7CD798BC-4B44-42F6-A47B-B66C92517878}.Debug|x64.Build.0 = Debug|Any CPU
		{7CD798BC-4B44-42F6-A47B-B66C92517878}.Debug|x86.ActiveCfg = Debug|Any CPU
		{7CD798BC-4B44-42F6-A47B-B66C92517878}.Debug|x86.Build.0 = Debug|Any CPU
		{7CD798BC-4B44-42F6-A47B-B66C92517878}.Release|Any CPU.ActiveCfg = Release|Any CPU
		{7CD798BC-4B44-42F6-A47B-B66C92517878}.Release|Any CPU.Build.0 = Release|Any CPU
		{7CD798BC-4B44-42F6-A47B-B66C92517878}.Release|x64.ActiveCfg = Release|Any CPU
		{7CD798BC-4B44-42F6-A47B-B66C92517878}.Release|x64.Build.0 = Release|Any CPU
		{7CD798BC-4B44-42F6-A47B-B66C92517878}.Release|x86.ActiveCfg = Release|Any CPU
		{7CD798BC-4B44-42F6-A47B-B66C92517878}.Release|x86.Build.0 = Release|Any CPU
	EndGlobalSection
	GlobalSection(SolutionProperties) = preSolution
		HideSolutionNode = FALSE
	EndGlobalSection
	GlobalSection(NestedProjects) = preSolution
		{22A1F462-BC89-44EB-B903-60B165920719} = {62FD0DEF-26B5-46FF-B5A7-EC0DD774D2CE}
		{72E93D60-346C-4737-B976-FB762415980E} = {22A1F462-BC89-44EB-B903-60B165920719}
		{5EE17748-F5C2-4AC7-9189-E160B95ECEEF} = {62FD0DEF-26B5-46FF-B5A7-EC0DD774D2CE}
		{7CD798BC-4B44-42F6-A47B-B66C92517878} = {5EE17748-F5C2-4AC7-9189-E160B95ECEEF}
	EndGlobalSection
EndGlobal
