Microsoft Visual Studio Solution File, Format Version 12.00
# Visual Studio 15
VisualStudioVersion = 15.0.27130.2027
MinimumVisualStudioVersion = 10.0.40219.1
Project("{9A19103F-16F7-4668-BE54-9A1E7A4F7556}") = "Elementary.Hierarchy.Test", "test\Elementary.Hierarchy.Test\Elementary.Hierarchy.Test.csproj", "{5DD591B6-8EAD-45F4-AACE-DB5DE64B6D6D}"
EndProject
Project("{9A19103F-16F7-4668-BE54-9A1E7A4F7556}") = "Elementary.Hierarchy", "src\Elementary.Hierarchy\Elementary.Hierarchy.csproj", "{30617EBD-7721-4BE4-853D-EA4399EA15F6}"
EndProject
Project("{2150E333-8FDC-42A3-9474-1A3956D46DE8}") = "src", "src", "{107B15A7-1A57-4421-BE58-4AABCC6A084A}"
EndProject
Project("{2150E333-8FDC-42A3-9474-1A3956D46DE8}") = "test", "test", "{43CE3F86-9C54-48CA-A20B-1FE4ACE5827B}"
EndProject
Project("{2150E333-8FDC-42A3-9474-1A3956D46DE8}") = "samples", "samples", "{29E5A680-E527-4204-B2BF-552FE413ADE3}"
EndProject
Project("{9A19103F-16F7-4668-BE54-9A1E7A4F7556}") = "Elementary.Hierarchy.Reflection", "samples\Reflection\Elementary.Hierarchy.Reflection\Elementary.Hierarchy.Reflection.csproj", "{11A1F992-2348-46EB-8A94-2C45BE687462}"
EndProject
Project("{9A19103F-16F7-4668-BE54-9A1E7A4F7556}") = "Elementary.Hierarchy.Reflection.Test", "samples\Reflection\Elementary.Hierarchy.Reflection.Test\Elementary.Hierarchy.Reflection.Test.csproj", "{75A5EEEC-3E89-4125-8829-76764182BFDF}"
EndProject
Project("{9A19103F-16F7-4668-BE54-9A1E7A4F7556}") = "Elementary.Hierarchy.LiteDb", "samples\LiteDb\Elementary.Hierarchy.LiteDb\Elementary.Hierarchy.LiteDb.csproj", "{9B5655BC-DAC0-4D72-A36B-09B13D57D0CF}"
EndProject
Project("{9A19103F-16F7-4668-BE54-9A1E7A4F7556}") = "Elementary.Hierarchy.LiteDb.Test", "samples\LiteDb\Elementary.Hierarchy.LiteDb.Test\Elementary.Hierarchy.LiteDb.Test.csproj", "{E10D1FE9-969C-410E-B914-A4B2BFCCB2F2}"
EndProject
Project("{FAE04EC0-301F-11D3-BF4B-00C04F79EFBC}") = "Elementary.Hierarchy.SqlServer", "Elementary.Hierarchy.SqlServer\Elementary.Hierarchy.SqlServer.csproj", "{EFE6AC77-80BF-438B-8290-6C09E7974CC5}"
EndProject
Global
	GlobalSection(SolutionConfigurationPlatforms) = preSolution
		Debug|Any CPU = Debug|Any CPU
		Debug|x64 = Debug|x64
		Debug|x86 = Debug|x86
		Release|Any CPU = Release|Any CPU
		Release|x64 = Release|x64
		Release|x86 = Release|x86
	EndGlobalSection
	GlobalSection(ProjectConfigurationPlatforms) = postSolution
		{5DD591B6-8EAD-45F4-AACE-DB5DE64B6D6D}.Debug|Any CPU.ActiveCfg = Debug|Any CPU
		{5DD591B6-8EAD-45F4-AACE-DB5DE64B6D6D}.Debug|Any CPU.Build.0 = Debug|Any CPU
		{5DD591B6-8EAD-45F4-AACE-DB5DE64B6D6D}.Debug|x64.ActiveCfg = Debug|Any CPU
		{5DD591B6-8EAD-45F4-AACE-DB5DE64B6D6D}.Debug|x64.Build.0 = Debug|Any CPU
		{5DD591B6-8EAD-45F4-AACE-DB5DE64B6D6D}.Debug|x86.ActiveCfg = Debug|Any CPU
		{5DD591B6-8EAD-45F4-AACE-DB5DE64B6D6D}.Debug|x86.Build.0 = Debug|Any CPU
		{5DD591B6-8EAD-45F4-AACE-DB5DE64B6D6D}.Release|Any CPU.ActiveCfg = Release|Any CPU
		{5DD591B6-8EAD-45F4-AACE-DB5DE64B6D6D}.Release|Any CPU.Build.0 = Release|Any CPU
		{5DD591B6-8EAD-45F4-AACE-DB5DE64B6D6D}.Release|x64.ActiveCfg = Release|Any CPU
		{5DD591B6-8EAD-45F4-AACE-DB5DE64B6D6D}.Release|x64.Build.0 = Release|Any CPU
		{5DD591B6-8EAD-45F4-AACE-DB5DE64B6D6D}.Release|x86.ActiveCfg = Release|Any CPU
		{5DD591B6-8EAD-45F4-AACE-DB5DE64B6D6D}.Release|x86.Build.0 = Release|Any CPU
		{30617EBD-7721-4BE4-853D-EA4399EA15F6}.Debug|Any CPU.ActiveCfg = Debug|Any CPU
		{30617EBD-7721-4BE4-853D-EA4399EA15F6}.Debug|Any CPU.Build.0 = Debug|Any CPU
		{30617EBD-7721-4BE4-853D-EA4399EA15F6}.Debug|x64.ActiveCfg = Debug|Any CPU
		{30617EBD-7721-4BE4-853D-EA4399EA15F6}.Debug|x64.Build.0 = Debug|Any CPU
		{30617EBD-7721-4BE4-853D-EA4399EA15F6}.Debug|x86.ActiveCfg = Debug|Any CPU
		{30617EBD-7721-4BE4-853D-EA4399EA15F6}.Debug|x86.Build.0 = Debug|Any CPU
		{30617EBD-7721-4BE4-853D-EA4399EA15F6}.Release|Any CPU.ActiveCfg = Release|Any CPU
		{30617EBD-7721-4BE4-853D-EA4399EA15F6}.Release|Any CPU.Build.0 = Release|Any CPU
		{30617EBD-7721-4BE4-853D-EA4399EA15F6}.Release|x64.ActiveCfg = Release|Any CPU
		{30617EBD-7721-4BE4-853D-EA4399EA15F6}.Release|x64.Build.0 = Release|Any CPU
		{30617EBD-7721-4BE4-853D-EA4399EA15F6}.Release|x86.ActiveCfg = Release|Any CPU
		{30617EBD-7721-4BE4-853D-EA4399EA15F6}.Release|x86.Build.0 = Release|Any CPU
		{11A1F992-2348-46EB-8A94-2C45BE687462}.Debug|Any CPU.ActiveCfg = Debug|Any CPU
		{11A1F992-2348-46EB-8A94-2C45BE687462}.Debug|Any CPU.Build.0 = Debug|Any CPU
		{11A1F992-2348-46EB-8A94-2C45BE687462}.Debug|x64.ActiveCfg = Debug|Any CPU
		{11A1F992-2348-46EB-8A94-2C45BE687462}.Debug|x64.Build.0 = Debug|Any CPU
		{11A1F992-2348-46EB-8A94-2C45BE687462}.Debug|x86.ActiveCfg = Debug|Any CPU
		{11A1F992-2348-46EB-8A94-2C45BE687462}.Debug|x86.Build.0 = Debug|Any CPU
		{11A1F992-2348-46EB-8A94-2C45BE687462}.Release|Any CPU.ActiveCfg = Release|Any CPU
		{11A1F992-2348-46EB-8A94-2C45BE687462}.Release|Any CPU.Build.0 = Release|Any CPU
		{11A1F992-2348-46EB-8A94-2C45BE687462}.Release|x64.ActiveCfg = Release|Any CPU
		{11A1F992-2348-46EB-8A94-2C45BE687462}.Release|x64.Build.0 = Release|Any CPU
		{11A1F992-2348-46EB-8A94-2C45BE687462}.Release|x86.ActiveCfg = Release|Any CPU
		{11A1F992-2348-46EB-8A94-2C45BE687462}.Release|x86.Build.0 = Release|Any CPU
		{75A5EEEC-3E89-4125-8829-76764182BFDF}.Debug|Any CPU.ActiveCfg = Debug|Any CPU
		{75A5EEEC-3E89-4125-8829-76764182BFDF}.Debug|Any CPU.Build.0 = Debug|Any CPU
		{75A5EEEC-3E89-4125-8829-76764182BFDF}.Debug|x64.ActiveCfg = Debug|Any CPU
		{75A5EEEC-3E89-4125-8829-76764182BFDF}.Debug|x64.Build.0 = Debug|Any CPU
		{75A5EEEC-3E89-4125-8829-76764182BFDF}.Debug|x86.ActiveCfg = Debug|Any CPU
		{75A5EEEC-3E89-4125-8829-76764182BFDF}.Debug|x86.Build.0 = Debug|Any CPU
		{75A5EEEC-3E89-4125-8829-76764182BFDF}.Release|Any CPU.ActiveCfg = Release|Any CPU
		{75A5EEEC-3E89-4125-8829-76764182BFDF}.Release|Any CPU.Build.0 = Release|Any CPU
		{75A5EEEC-3E89-4125-8829-76764182BFDF}.Release|x64.ActiveCfg = Release|Any CPU
		{75A5EEEC-3E89-4125-8829-76764182BFDF}.Release|x64.Build.0 = Release|Any CPU
		{75A5EEEC-3E89-4125-8829-76764182BFDF}.Release|x86.ActiveCfg = Release|Any CPU
		{75A5EEEC-3E89-4125-8829-76764182BFDF}.Release|x86.Build.0 = Release|Any CPU
		{9B5655BC-DAC0-4D72-A36B-09B13D57D0CF}.Debug|Any CPU.ActiveCfg = Debug|Any CPU
		{9B5655BC-DAC0-4D72-A36B-09B13D57D0CF}.Debug|Any CPU.Build.0 = Debug|Any CPU
		{9B5655BC-DAC0-4D72-A36B-09B13D57D0CF}.Debug|x64.ActiveCfg = Debug|Any CPU
		{9B5655BC-DAC0-4D72-A36B-09B13D57D0CF}.Debug|x64.Build.0 = Debug|Any CPU
		{9B5655BC-DAC0-4D72-A36B-09B13D57D0CF}.Debug|x86.ActiveCfg = Debug|Any CPU
		{9B5655BC-DAC0-4D72-A36B-09B13D57D0CF}.Debug|x86.Build.0 = Debug|Any CPU
		{9B5655BC-DAC0-4D72-A36B-09B13D57D0CF}.Release|Any CPU.ActiveCfg = Release|Any CPU
		{9B5655BC-DAC0-4D72-A36B-09B13D57D0CF}.Release|Any CPU.Build.0 = Release|Any CPU
		{9B5655BC-DAC0-4D72-A36B-09B13D57D0CF}.Release|x64.ActiveCfg = Release|Any CPU
		{9B5655BC-DAC0-4D72-A36B-09B13D57D0CF}.Release|x64.Build.0 = Release|Any CPU
		{9B5655BC-DAC0-4D72-A36B-09B13D57D0CF}.Release|x86.ActiveCfg = Release|Any CPU
		{9B5655BC-DAC0-4D72-A36B-09B13D57D0CF}.Release|x86.Build.0 = Release|Any CPU
		{E10D1FE9-969C-410E-B914-A4B2BFCCB2F2}.Debug|Any CPU.ActiveCfg = Debug|Any CPU
		{E10D1FE9-969C-410E-B914-A4B2BFCCB2F2}.Debug|Any CPU.Build.0 = Debug|Any CPU
		{E10D1FE9-969C-410E-B914-A4B2BFCCB2F2}.Debug|x64.ActiveCfg = Debug|Any CPU
		{E10D1FE9-969C-410E-B914-A4B2BFCCB2F2}.Debug|x64.Build.0 = Debug|Any CPU
		{E10D1FE9-969C-410E-B914-A4B2BFCCB2F2}.Debug|x86.ActiveCfg = Debug|Any CPU
		{E10D1FE9-969C-410E-B914-A4B2BFCCB2F2}.Debug|x86.Build.0 = Debug|Any CPU
		{E10D1FE9-969C-410E-B914-A4B2BFCCB2F2}.Release|Any CPU.ActiveCfg = Release|Any CPU
		{E10D1FE9-969C-410E-B914-A4B2BFCCB2F2}.Release|Any CPU.Build.0 = Release|Any CPU
		{E10D1FE9-969C-410E-B914-A4B2BFCCB2F2}.Release|x64.ActiveCfg = Release|Any CPU
		{E10D1FE9-969C-410E-B914-A4B2BFCCB2F2}.Release|x64.Build.0 = Release|Any CPU
		{E10D1FE9-969C-410E-B914-A4B2BFCCB2F2}.Release|x86.ActiveCfg = Release|Any CPU
		{E10D1FE9-969C-410E-B914-A4B2BFCCB2F2}.Release|x86.Build.0 = Release|Any CPU
		{EFE6AC77-80BF-438B-8290-6C09E7974CC5}.Debug|Any CPU.ActiveCfg = Debug|Any CPU
		{EFE6AC77-80BF-438B-8290-6C09E7974CC5}.Debug|Any CPU.Build.0 = Debug|Any CPU
		{EFE6AC77-80BF-438B-8290-6C09E7974CC5}.Debug|x64.ActiveCfg = Debug|Any CPU
		{EFE6AC77-80BF-438B-8290-6C09E7974CC5}.Debug|x64.Build.0 = Debug|Any CPU
		{EFE6AC77-80BF-438B-8290-6C09E7974CC5}.Debug|x86.ActiveCfg = Debug|Any CPU
		{EFE6AC77-80BF-438B-8290-6C09E7974CC5}.Debug|x86.Build.0 = Debug|Any CPU
		{EFE6AC77-80BF-438B-8290-6C09E7974CC5}.Release|Any CPU.ActiveCfg = Release|Any CPU
		{EFE6AC77-80BF-438B-8290-6C09E7974CC5}.Release|Any CPU.Build.0 = Release|Any CPU
		{EFE6AC77-80BF-438B-8290-6C09E7974CC5}.Release|x64.ActiveCfg = Release|Any CPU
		{EFE6AC77-80BF-438B-8290-6C09E7974CC5}.Release|x64.Build.0 = Release|Any CPU
		{EFE6AC77-80BF-438B-8290-6C09E7974CC5}.Release|x86.ActiveCfg = Release|Any CPU
		{EFE6AC77-80BF-438B-8290-6C09E7974CC5}.Release|x86.Build.0 = Release|Any CPU
	EndGlobalSection
	GlobalSection(SolutionProperties) = preSolution
		HideSolutionNode = FALSE
	EndGlobalSection
	GlobalSection(NestedProjects) = preSolution
		{5DD591B6-8EAD-45F4-AACE-DB5DE64B6D6D} = {43CE3F86-9C54-48CA-A20B-1FE4ACE5827B}
		{30617EBD-7721-4BE4-853D-EA4399EA15F6} = {107B15A7-1A57-4421-BE58-4AABCC6A084A}
		{11A1F992-2348-46EB-8A94-2C45BE687462} = {29E5A680-E527-4204-B2BF-552FE413ADE3}
		{75A5EEEC-3E89-4125-8829-76764182BFDF} = {29E5A680-E527-4204-B2BF-552FE413ADE3}
		{9B5655BC-DAC0-4D72-A36B-09B13D57D0CF} = {29E5A680-E527-4204-B2BF-552FE413ADE3}
		{E10D1FE9-969C-410E-B914-A4B2BFCCB2F2} = {29E5A680-E527-4204-B2BF-552FE413ADE3}
		{EFE6AC77-80BF-438B-8290-6C09E7974CC5} = {29E5A680-E527-4204-B2BF-552FE413ADE3}
	EndGlobalSection
	GlobalSection(ExtensibilityGlobals) = postSolution
		SolutionGuid = {AD84A3E7-9312-4524-B596-47BAE75B9748}
	EndGlobalSection
EndGlobal
